// !$*UTF8*$!
{
	archiveVersion = 1;
	classes = {
	};
	objectVersion = 50;
	objects = {

/* Begin PBXBuildFile section */
		68536FD525B1A9CE0009AA94 /* UnitPressureModel.swift in Sources */ = {isa = PBXBuildFile; fileRef = 68536FD425B1A9CE0009AA94 /* UnitPressureModel.swift */; };
		68536FD625B1A9CE0009AA94 /* UnitPressureModel.swift in Sources */ = {isa = PBXBuildFile; fileRef = 68536FD425B1A9CE0009AA94 /* UnitPressureModel.swift */; };
		68536FDA25B1AA540009AA94 /* UnitSpeedModel.swift in Sources */ = {isa = PBXBuildFile; fileRef = 68536FD925B1AA540009AA94 /* UnitSpeedModel.swift */; };
		68536FDB25B1AA540009AA94 /* UnitSpeedModel.swift in Sources */ = {isa = PBXBuildFile; fileRef = 68536FD925B1AA540009AA94 /* UnitSpeedModel.swift */; };
		68536FDF25B1AABB0009AA94 /* UnitTemperatureModel.swift in Sources */ = {isa = PBXBuildFile; fileRef = 68536FDE25B1AABB0009AA94 /* UnitTemperatureModel.swift */; };
		68536FE025B1AABB0009AA94 /* UnitTemperatureModel.swift in Sources */ = {isa = PBXBuildFile; fileRef = 68536FDE25B1AABB0009AA94 /* UnitTemperatureModel.swift */; };
		68536FE425B1AB180009AA94 /* UnitVolumeModel.swift in Sources */ = {isa = PBXBuildFile; fileRef = 68536FE325B1AB180009AA94 /* UnitVolumeModel.swift */; };
		68536FE525B1AB180009AA94 /* UnitVolumeModel.swift in Sources */ = {isa = PBXBuildFile; fileRef = 68536FE325B1AB180009AA94 /* UnitVolumeModel.swift */; };
		6853703C25B237920009AA94 /* UnitCalcModel.swift in Sources */ = {isa = PBXBuildFile; fileRef = 6853703B25B237920009AA94 /* UnitCalcModel.swift */; };
		6853703D25B237920009AA94 /* UnitCalcModel.swift in Sources */ = {isa = PBXBuildFile; fileRef = 6853703B25B237920009AA94 /* UnitCalcModel.swift */; };
		6853704A25B23B230009AA94 /* UnitTypeExtention.swift in Sources */ = {isa = PBXBuildFile; fileRef = 6853704925B23B230009AA94 /* UnitTypeExtention.swift */; };
		6853704B25B23B230009AA94 /* UnitTypeExtention.swift in Sources */ = {isa = PBXBuildFile; fileRef = 6853704925B23B230009AA94 /* UnitTypeExtention.swift */; };
		6853705125B387070009AA94 /* UnitDensityModel.swift in Sources */ = {isa = PBXBuildFile; fileRef = 6853705025B387070009AA94 /* UnitDensityModel.swift */; };
		6853705225B387070009AA94 /* UnitDensityModel.swift in Sources */ = {isa = PBXBuildFile; fileRef = 6853705025B387070009AA94 /* UnitDensityModel.swift */; };
		6853705C25B860EF0009AA94 /* UnitForceModel.swift in Sources */ = {isa = PBXBuildFile; fileRef = 6853705B25B860EF0009AA94 /* UnitForceModel.swift */; };
		6853705D25B860EF0009AA94 /* UnitForceModel.swift in Sources */ = {isa = PBXBuildFile; fileRef = 6853705B25B860EF0009AA94 /* UnitForceModel.swift */; };
		68E3AE922582348D001B4640 /* HandbookPlusApp.swift in Sources */ = {isa = PBXBuildFile; fileRef = 68E3AE7F25823488001B4640 /* HandbookPlusApp.swift */; };
		68E3AE932582348D001B4640 /* HandbookPlusApp.swift in Sources */ = {isa = PBXBuildFile; fileRef = 68E3AE7F25823488001B4640 /* HandbookPlusApp.swift */; };
		68E3AE942582348D001B4640 /* MainView.swift in Sources */ = {isa = PBXBuildFile; fileRef = 68E3AE8025823488001B4640 /* MainView.swift */; };
		68E3AE952582348D001B4640 /* MainView.swift in Sources */ = {isa = PBXBuildFile; fileRef = 68E3AE8025823488001B4640 /* MainView.swift */; };
		68E3AE962582348D001B4640 /* Assets.xcassets in Resources */ = {isa = PBXBuildFile; fileRef = 68E3AE812582348D001B4640 /* Assets.xcassets */; };
		68E3AE972582348D001B4640 /* Assets.xcassets in Resources */ = {isa = PBXBuildFile; fileRef = 68E3AE812582348D001B4640 /* Assets.xcassets */; };
		68E3AEAC2582370C001B4640 /* CatalogModel.swift in Sources */ = {isa = PBXBuildFile; fileRef = 68E3AEAB2582370C001B4640 /* CatalogModel.swift */; };
		68E3AEAD2582370C001B4640 /* CatalogModel.swift in Sources */ = {isa = PBXBuildFile; fileRef = 68E3AEAB2582370C001B4640 /* CatalogModel.swift */; };
		68E3AEB52582456D001B4640 /* ImageOverlay.swift in Sources */ = {isa = PBXBuildFile; fileRef = 68E3AEB42582456D001B4640 /* ImageOverlay.swift */; };
		68E3AEB62582456D001B4640 /* ImageOverlay.swift in Sources */ = {isa = PBXBuildFile; fileRef = 68E3AEB42582456D001B4640 /* ImageOverlay.swift */; };
		68E3AEBE258264FB001B4640 /* CatalogItemView.swift in Sources */ = {isa = PBXBuildFile; fileRef = 68E3AEBD258264FB001B4640 /* CatalogItemView.swift */; };
		68E3AEBF258264FB001B4640 /* CatalogItemView.swift in Sources */ = {isa = PBXBuildFile; fileRef = 68E3AEBD258264FB001B4640 /* CatalogItemView.swift */; };
		68E3AEC725833EF6001B4640 /* UnitConversionView.swift in Sources */ = {isa = PBXBuildFile; fileRef = 68E3AEC625833EF6001B4640 /* UnitConversionView.swift */; };
		68E3AEC825833EF6001B4640 /* UnitConversionView.swift in Sources */ = {isa = PBXBuildFile; fileRef = 68E3AEC625833EF6001B4640 /* UnitConversionView.swift */; };
		68E3AECC2583646A001B4640 /* UnitConversionModel.swift in Sources */ = {isa = PBXBuildFile; fileRef = 68E3AECB2583646A001B4640 /* UnitConversionModel.swift */; };
		68E3AECD2583646A001B4640 /* UnitConversionModel.swift in Sources */ = {isa = PBXBuildFile; fileRef = 68E3AECB2583646A001B4640 /* UnitConversionModel.swift */; };
		68E3AED32583953B001B4640 /* UpDownIndexView.swift in Sources */ = {isa = PBXBuildFile; fileRef = 68E3AED22583953B001B4640 /* UpDownIndexView.swift */; };
		68E3AED42583953B001B4640 /* UpDownIndexView.swift in Sources */ = {isa = PBXBuildFile; fileRef = 68E3AED22583953B001B4640 /* UpDownIndexView.swift */; };
		68E3AEE125839C39001B4640 /* ProportionView.swift in Sources */ = {isa = PBXBuildFile; fileRef = 68E3AEE025839C39001B4640 /* ProportionView.swift */; };
		68E3AEE225839C39001B4640 /* ProportionView.swift in Sources */ = {isa = PBXBuildFile; fileRef = 68E3AEE025839C39001B4640 /* ProportionView.swift */; };
		68E3AEE7258DBFE3001B4640 /* EngineerUnitConversionData.swift in Sources */ = {isa = PBXBuildFile; fileRef = 68E3AEE6258DBFE2001B4640 /* EngineerUnitConversionData.swift */; };
		68E3AEE8258DBFE3001B4640 /* EngineerUnitConversionData.swift in Sources */ = {isa = PBXBuildFile; fileRef = 68E3AEE6258DBFE2001B4640 /* EngineerUnitConversionData.swift */; };
		68E9A6F925E229C100FDB346 /* CalcButtonsListView.swift in Sources */ = {isa = PBXBuildFile; fileRef = 68E9A6F825E229C100FDB346 /* CalcButtonsListView.swift */; };
		68E9A6FA25E229C100FDB346 /* CalcButtonsListView.swift in Sources */ = {isa = PBXBuildFile; fileRef = 68E9A6F825E229C100FDB346 /* CalcButtonsListView.swift */; };
		68E9A6FF25E2556F00FDB346 /* PopOverView.swift in Sources */ = {isa = PBXBuildFile; fileRef = 68E9A6FE25E2556F00FDB346 /* PopOverView.swift */; };
		68E9A70025E2556F00FDB346 /* PopOverView.swift in Sources */ = {isa = PBXBuildFile; fileRef = 68E9A6FE25E2556F00FDB346 /* PopOverView.swift */; };
		68E9A70925E25BD100FDB346 /* UnitDescriptionButtonView.swift in Sources */ = {isa = PBXBuildFile; fileRef = 68E9A70825E25BD100FDB346 /* UnitDescriptionButtonView.swift */; };
		68E9A70A25E25BD100FDB346 /* UnitDescriptionButtonView.swift in Sources */ = {isa = PBXBuildFile; fileRef = 68E9A70825E25BD100FDB346 /* UnitDescriptionButtonView.swift */; };
		68EF1D1725AD72C0005A9973 /* CalcView.swift in Sources */ = {isa = PBXBuildFile; fileRef = 68EF1D1625AD72BF005A9973 /* CalcView.swift */; };
		68EF1D1825AD72C0005A9973 /* CalcView.swift in Sources */ = {isa = PBXBuildFile; fileRef = 68EF1D1625AD72BF005A9973 /* CalcView.swift */; };
		68EF1D2125AD76DE005A9973 /* EngineerCalcData.swift in Sources */ = {isa = PBXBuildFile; fileRef = 68EF1D2025AD76DE005A9973 /* EngineerCalcData.swift */; };
		68EF1D2225AD76DE005A9973 /* EngineerCalcData.swift in Sources */ = {isa = PBXBuildFile; fileRef = 68EF1D2025AD76DE005A9973 /* EngineerCalcData.swift */; };
		68EF1D3025ADA8B9005A9973 /* UnitLocalizeExtention.swift in Sources */ = {isa = PBXBuildFile; fileRef = 68EF1D2F25ADA8B9005A9973 /* UnitLocalizeExtention.swift */; };
		68EF1D3125ADA8B9005A9973 /* UnitLocalizeExtention.swift in Sources */ = {isa = PBXBuildFile; fileRef = 68EF1D2F25ADA8B9005A9973 /* UnitLocalizeExtention.swift */; };
		68EF1D3925AEDE32005A9973 /* CalcButtonModifire.swift in Sources */ = {isa = PBXBuildFile; fileRef = 68EF1D3825AEDE30005A9973 /* CalcButtonModifire.swift */; };
		68EF1D3A25AEDE32005A9973 /* CalcButtonModifire.swift in Sources */ = {isa = PBXBuildFile; fileRef = 68EF1D3825AEDE30005A9973 /* CalcButtonModifire.swift */; };
		68EF1D4025AEE0AE005A9973 /* CalcViewModel.swift in Sources */ = {isa = PBXBuildFile; fileRef = 68EF1D3F25AEE0AE005A9973 /* CalcViewModel.swift */; };
		68EF1D4125AEE0AE005A9973 /* CalcViewModel.swift in Sources */ = {isa = PBXBuildFile; fileRef = 68EF1D3F25AEE0AE005A9973 /* CalcViewModel.swift */; };
		68EF1D5425B178EF005A9973 /* CalcUnitsListView.swift in Sources */ = {isa = PBXBuildFile; fileRef = 68EF1D5325B178EF005A9973 /* CalcUnitsListView.swift */; };
		68EF1D5525B178EF005A9973 /* CalcUnitsListView.swift in Sources */ = {isa = PBXBuildFile; fileRef = 68EF1D5325B178EF005A9973 /* CalcUnitsListView.swift */; };
		68EF1D5B25B17BBB005A9973 /* UnitLengthModel.swift in Sources */ = {isa = PBXBuildFile; fileRef = 68EF1D5A25B17BBB005A9973 /* UnitLengthModel.swift */; };
		68EF1D5C25B17BBB005A9973 /* UnitLengthModel.swift in Sources */ = {isa = PBXBuildFile; fileRef = 68EF1D5A25B17BBB005A9973 /* UnitLengthModel.swift */; };
		68EF1D6025B1845A005A9973 /* UnitTypeCalcProtocol.swift in Sources */ = {isa = PBXBuildFile; fileRef = 68EF1D5F25B1845A005A9973 /* UnitTypeCalcProtocol.swift */; };
		68EF1D6125B1845A005A9973 /* UnitTypeCalcProtocol.swift in Sources */ = {isa = PBXBuildFile; fileRef = 68EF1D5F25B1845A005A9973 /* UnitTypeCalcProtocol.swift */; };
		68EF1D6725B18510005A9973 /* MyUnitCalcType.swift in Sources */ = {isa = PBXBuildFile; fileRef = 68EF1D6625B18510005A9973 /* MyUnitCalcType.swift */; };
		68EF1D6825B18510005A9973 /* MyUnitCalcType.swift in Sources */ = {isa = PBXBuildFile; fileRef = 68EF1D6625B18510005A9973 /* MyUnitCalcType.swift */; };
		68EF1D7025B186AB005A9973 /* UnitAreaModel.swift in Sources */ = {isa = PBXBuildFile; fileRef = 68EF1D6F25B186AB005A9973 /* UnitAreaModel.swift */; };
		68EF1D7125B186AB005A9973 /* UnitAreaModel.swift in Sources */ = {isa = PBXBuildFile; fileRef = 68EF1D6F25B186AB005A9973 /* UnitAreaModel.swift */; };
		68EF1D7A25B18833005A9973 /* UnitAccelerationModel.swift in Sources */ = {isa = PBXBuildFile; fileRef = 68EF1D7925B18833005A9973 /* UnitAccelerationModel.swift */; };
		68EF1D7B25B18833005A9973 /* UnitAccelerationModel.swift in Sources */ = {isa = PBXBuildFile; fileRef = 68EF1D7925B18833005A9973 /* UnitAccelerationModel.swift */; };
		68EF1D7F25B18905005A9973 /* UnitAngleModel.swift in Sources */ = {isa = PBXBuildFile; fileRef = 68EF1D7E25B18905005A9973 /* UnitAngleModel.swift */; };
		68EF1D8025B18905005A9973 /* UnitAngleModel.swift in Sources */ = {isa = PBXBuildFile; fileRef = 68EF1D7E25B18905005A9973 /* UnitAngleModel.swift */; };
		68EF1D8925B189E4005A9973 /* UnitDurationModel.swift in Sources */ = {isa = PBXBuildFile; fileRef = 68EF1D8825B189E4005A9973 /* UnitDurationModel.swift */; };
		68EF1D8A25B189E4005A9973 /* UnitDurationModel.swift in Sources */ = {isa = PBXBuildFile; fileRef = 68EF1D8825B189E4005A9973 /* UnitDurationModel.swift */; };
		68EF1D8E25B18A72005A9973 /* UnitElectricChargeModel.swift in Sources */ = {isa = PBXBuildFile; fileRef = 68EF1D8D25B18A72005A9973 /* UnitElectricChargeModel.swift */; };
		68EF1D8F25B18A72005A9973 /* UnitElectricChargeModel.swift in Sources */ = {isa = PBXBuildFile; fileRef = 68EF1D8D25B18A72005A9973 /* UnitElectricChargeModel.swift */; };
		68EF1D9325B18B55005A9973 /* UnitElectricCurrentModel.swift in Sources */ = {isa = PBXBuildFile; fileRef = 68EF1D9225B18B55005A9973 /* UnitElectricCurrentModel.swift */; };
		68EF1D9425B18B55005A9973 /* UnitElectricCurrentModel.swift in Sources */ = {isa = PBXBuildFile; fileRef = 68EF1D9225B18B55005A9973 /* UnitElectricCurrentModel.swift */; };
		68EF1D9825B18BD9005A9973 /* UnitElectricPotentialDifferenceModel.swift in Sources */ = {isa = PBXBuildFile; fileRef = 68EF1D9725B18BD9005A9973 /* UnitElectricPotentialDifferenceModel.swift */; };
		68EF1D9925B18BD9005A9973 /* UnitElectricPotentialDifferenceModel.swift in Sources */ = {isa = PBXBuildFile; fileRef = 68EF1D9725B18BD9005A9973 /* UnitElectricPotentialDifferenceModel.swift */; };
		68EF1DA025B18C90005A9973 /* UnitElectricResistanceModel.swift in Sources */ = {isa = PBXBuildFile; fileRef = 68EF1D9F25B18C90005A9973 /* UnitElectricResistanceModel.swift */; };
		68EF1DA125B18C90005A9973 /* UnitElectricResistanceModel.swift in Sources */ = {isa = PBXBuildFile; fileRef = 68EF1D9F25B18C90005A9973 /* UnitElectricResistanceModel.swift */; };
		68EF1DA525B18F08005A9973 /* UnitEnergyModel.swift in Sources */ = {isa = PBXBuildFile; fileRef = 68EF1DA425B18F08005A9973 /* UnitEnergyModel.swift */; };
		68EF1DA625B18F08005A9973 /* UnitEnergyModel.swift in Sources */ = {isa = PBXBuildFile; fileRef = 68EF1DA425B18F08005A9973 /* UnitEnergyModel.swift */; };
		68EF1DAA25B1912C005A9973 /* UnitFrequencyModel.swift in Sources */ = {isa = PBXBuildFile; fileRef = 68EF1DA925B1912C005A9973 /* UnitFrequencyModel.swift */; };
		68EF1DAB25B1912C005A9973 /* UnitFrequencyModel.swift in Sources */ = {isa = PBXBuildFile; fileRef = 68EF1DA925B1912C005A9973 /* UnitFrequencyModel.swift */; };
		68EF1DAF25B191B9005A9973 /* UnitFuelEfficiencyModel.swift in Sources */ = {isa = PBXBuildFile; fileRef = 68EF1DAE25B191B9005A9973 /* UnitFuelEfficiencyModel.swift */; };
		68EF1DB025B191B9005A9973 /* UnitFuelEfficiencyModel.swift in Sources */ = {isa = PBXBuildFile; fileRef = 68EF1DAE25B191B9005A9973 /* UnitFuelEfficiencyModel.swift */; };
		68EF1DB425B1921C005A9973 /* UnitIlluminanceModel.swift in Sources */ = {isa = PBXBuildFile; fileRef = 68EF1DB325B1921C005A9973 /* UnitIlluminanceModel.swift */; };
		68EF1DB525B1921C005A9973 /* UnitIlluminanceModel.swift in Sources */ = {isa = PBXBuildFile; fileRef = 68EF1DB325B1921C005A9973 /* UnitIlluminanceModel.swift */; };
		68EF1DB925B1927F005A9973 /* UnitInformationStorageModel.swift in Sources */ = {isa = PBXBuildFile; fileRef = 68EF1DB825B1927F005A9973 /* UnitInformationStorageModel.swift */; };
		68EF1DBA25B1927F005A9973 /* UnitInformationStorageModel.swift in Sources */ = {isa = PBXBuildFile; fileRef = 68EF1DB825B1927F005A9973 /* UnitInformationStorageModel.swift */; };
		68EF1DBE25B19E98005A9973 /* UnitMassModel.swift in Sources */ = {isa = PBXBuildFile; fileRef = 68EF1DBD25B19E97005A9973 /* UnitMassModel.swift */; };
		68EF1DBF25B19E98005A9973 /* UnitMassModel.swift in Sources */ = {isa = PBXBuildFile; fileRef = 68EF1DBD25B19E97005A9973 /* UnitMassModel.swift */; };
/* End PBXBuildFile section */

/* Begin PBXFileReference section */
		68536FD425B1A9CE0009AA94 /* UnitPressureModel.swift */ = {isa = PBXFileReference; lastKnownFileType = sourcecode.swift; path = UnitPressureModel.swift; sourceTree = "<group>"; };
		68536FD925B1AA540009AA94 /* UnitSpeedModel.swift */ = {isa = PBXFileReference; lastKnownFileType = sourcecode.swift; path = UnitSpeedModel.swift; sourceTree = "<group>"; };
		68536FDE25B1AABB0009AA94 /* UnitTemperatureModel.swift */ = {isa = PBXFileReference; lastKnownFileType = sourcecode.swift; path = UnitTemperatureModel.swift; sourceTree = "<group>"; };
		68536FE325B1AB180009AA94 /* UnitVolumeModel.swift */ = {isa = PBXFileReference; lastKnownFileType = sourcecode.swift; path = UnitVolumeModel.swift; sourceTree = "<group>"; };
		6853703B25B237920009AA94 /* UnitCalcModel.swift */ = {isa = PBXFileReference; lastKnownFileType = sourcecode.swift; path = UnitCalcModel.swift; sourceTree = "<group>"; };
		6853704925B23B230009AA94 /* UnitTypeExtention.swift */ = {isa = PBXFileReference; lastKnownFileType = sourcecode.swift; path = UnitTypeExtention.swift; sourceTree = "<group>"; };
		6853705025B387070009AA94 /* UnitDensityModel.swift */ = {isa = PBXFileReference; lastKnownFileType = sourcecode.swift; path = UnitDensityModel.swift; sourceTree = "<group>"; };
		6853705B25B860EF0009AA94 /* UnitForceModel.swift */ = {isa = PBXFileReference; lastKnownFileType = sourcecode.swift; path = UnitForceModel.swift; sourceTree = "<group>"; };
		68E3AE7F25823488001B4640 /* HandbookPlusApp.swift */ = {isa = PBXFileReference; lastKnownFileType = sourcecode.swift; path = HandbookPlusApp.swift; sourceTree = "<group>"; };
		68E3AE8025823488001B4640 /* MainView.swift */ = {isa = PBXFileReference; lastKnownFileType = sourcecode.swift; path = MainView.swift; sourceTree = "<group>"; };
		68E3AE812582348D001B4640 /* Assets.xcassets */ = {isa = PBXFileReference; lastKnownFileType = folder.assetcatalog; path = Assets.xcassets; sourceTree = "<group>"; };
		68E3AE862582348D001B4640 /* HandbookPlus.app */ = {isa = PBXFileReference; explicitFileType = wrapper.application; includeInIndex = 0; path = HandbookPlus.app; sourceTree = BUILT_PRODUCTS_DIR; };
		68E3AE892582348D001B4640 /* Info.plist */ = {isa = PBXFileReference; lastKnownFileType = text.plist.xml; path = Info.plist; sourceTree = "<group>"; };
		68E3AE8E2582348D001B4640 /* HandbookPlus.app */ = {isa = PBXFileReference; explicitFileType = wrapper.application; includeInIndex = 0; path = HandbookPlus.app; sourceTree = BUILT_PRODUCTS_DIR; };
		68E3AE902582348D001B4640 /* Info.plist */ = {isa = PBXFileReference; lastKnownFileType = text.plist.xml; path = Info.plist; sourceTree = "<group>"; };
		68E3AE912582348D001B4640 /* macOS.entitlements */ = {isa = PBXFileReference; lastKnownFileType = text.plist.entitlements; path = macOS.entitlements; sourceTree = "<group>"; };
		68E3AEA2258234C0001B4640 /* HandbookPlus.entitlements */ = {isa = PBXFileReference; lastKnownFileType = text.plist.entitlements; path = HandbookPlus.entitlements; sourceTree = "<group>"; };
		68E3AEAB2582370C001B4640 /* CatalogModel.swift */ = {isa = PBXFileReference; lastKnownFileType = sourcecode.swift; path = CatalogModel.swift; sourceTree = "<group>"; };
		68E3AEB42582456D001B4640 /* ImageOverlay.swift */ = {isa = PBXFileReference; lastKnownFileType = sourcecode.swift; path = ImageOverlay.swift; sourceTree = "<group>"; };
		68E3AEBD258264FB001B4640 /* CatalogItemView.swift */ = {isa = PBXFileReference; lastKnownFileType = sourcecode.swift; path = CatalogItemView.swift; sourceTree = "<group>"; };
		68E3AEC625833EF6001B4640 /* UnitConversionView.swift */ = {isa = PBXFileReference; lastKnownFileType = sourcecode.swift; path = UnitConversionView.swift; sourceTree = "<group>"; };
		68E3AECB2583646A001B4640 /* UnitConversionModel.swift */ = {isa = PBXFileReference; lastKnownFileType = sourcecode.swift; path = UnitConversionModel.swift; sourceTree = "<group>"; };
		68E3AED22583953B001B4640 /* UpDownIndexView.swift */ = {isa = PBXFileReference; lastKnownFileType = sourcecode.swift; path = UpDownIndexView.swift; sourceTree = "<group>"; };
		68E3AEE025839C39001B4640 /* ProportionView.swift */ = {isa = PBXFileReference; lastKnownFileType = sourcecode.swift; path = ProportionView.swift; sourceTree = "<group>"; };
		68E3AEE6258DBFE2001B4640 /* EngineerUnitConversionData.swift */ = {isa = PBXFileReference; lastKnownFileType = sourcecode.swift; path = EngineerUnitConversionData.swift; sourceTree = "<group>"; };
		68E9A6F825E229C100FDB346 /* CalcButtonsListView.swift */ = {isa = PBXFileReference; lastKnownFileType = sourcecode.swift; path = CalcButtonsListView.swift; sourceTree = "<group>"; };
		68E9A6FE25E2556F00FDB346 /* PopOverView.swift */ = {isa = PBXFileReference; lastKnownFileType = sourcecode.swift; path = PopOverView.swift; sourceTree = "<group>"; };
		68E9A70825E25BD100FDB346 /* UnitDescriptionButtonView.swift */ = {isa = PBXFileReference; lastKnownFileType = sourcecode.swift; path = UnitDescriptionButtonView.swift; sourceTree = "<group>"; };
		68EF1D1625AD72BF005A9973 /* CalcView.swift */ = {isa = PBXFileReference; lastKnownFileType = sourcecode.swift; path = CalcView.swift; sourceTree = "<group>"; };
		68EF1D2025AD76DE005A9973 /* EngineerCalcData.swift */ = {isa = PBXFileReference; lastKnownFileType = sourcecode.swift; path = EngineerCalcData.swift; sourceTree = "<group>"; };
		68EF1D2F25ADA8B9005A9973 /* UnitLocalizeExtention.swift */ = {isa = PBXFileReference; lastKnownFileType = sourcecode.swift; path = UnitLocalizeExtention.swift; sourceTree = "<group>"; };
		68EF1D3825AEDE30005A9973 /* CalcButtonModifire.swift */ = {isa = PBXFileReference; lastKnownFileType = sourcecode.swift; path = CalcButtonModifire.swift; sourceTree = "<group>"; };
		68EF1D3F25AEE0AE005A9973 /* CalcViewModel.swift */ = {isa = PBXFileReference; lastKnownFileType = sourcecode.swift; path = CalcViewModel.swift; sourceTree = "<group>"; };
		68EF1D5325B178EF005A9973 /* CalcUnitsListView.swift */ = {isa = PBXFileReference; lastKnownFileType = sourcecode.swift; path = CalcUnitsListView.swift; sourceTree = "<group>"; };
		68EF1D5A25B17BBB005A9973 /* UnitLengthModel.swift */ = {isa = PBXFileReference; lastKnownFileType = sourcecode.swift; path = UnitLengthModel.swift; sourceTree = "<group>"; };
		68EF1D5F25B1845A005A9973 /* UnitTypeCalcProtocol.swift */ = {isa = PBXFileReference; lastKnownFileType = sourcecode.swift; path = UnitTypeCalcProtocol.swift; sourceTree = "<group>"; };
		68EF1D6625B18510005A9973 /* MyUnitCalcType.swift */ = {isa = PBXFileReference; lastKnownFileType = sourcecode.swift; path = MyUnitCalcType.swift; sourceTree = "<group>"; };
		68EF1D6F25B186AB005A9973 /* UnitAreaModel.swift */ = {isa = PBXFileReference; lastKnownFileType = sourcecode.swift; path = UnitAreaModel.swift; sourceTree = "<group>"; };
		68EF1D7925B18833005A9973 /* UnitAccelerationModel.swift */ = {isa = PBXFileReference; lastKnownFileType = sourcecode.swift; path = UnitAccelerationModel.swift; sourceTree = "<group>"; };
		68EF1D7E25B18905005A9973 /* UnitAngleModel.swift */ = {isa = PBXFileReference; lastKnownFileType = sourcecode.swift; path = UnitAngleModel.swift; sourceTree = "<group>"; };
		68EF1D8825B189E4005A9973 /* UnitDurationModel.swift */ = {isa = PBXFileReference; lastKnownFileType = sourcecode.swift; path = UnitDurationModel.swift; sourceTree = "<group>"; };
		68EF1D8D25B18A72005A9973 /* UnitElectricChargeModel.swift */ = {isa = PBXFileReference; lastKnownFileType = sourcecode.swift; path = UnitElectricChargeModel.swift; sourceTree = "<group>"; };
		68EF1D9225B18B55005A9973 /* UnitElectricCurrentModel.swift */ = {isa = PBXFileReference; lastKnownFileType = sourcecode.swift; path = UnitElectricCurrentModel.swift; sourceTree = "<group>"; };
		68EF1D9725B18BD9005A9973 /* UnitElectricPotentialDifferenceModel.swift */ = {isa = PBXFileReference; lastKnownFileType = sourcecode.swift; path = UnitElectricPotentialDifferenceModel.swift; sourceTree = "<group>"; };
		68EF1D9F25B18C90005A9973 /* UnitElectricResistanceModel.swift */ = {isa = PBXFileReference; lastKnownFileType = sourcecode.swift; path = UnitElectricResistanceModel.swift; sourceTree = "<group>"; };
		68EF1DA425B18F08005A9973 /* UnitEnergyModel.swift */ = {isa = PBXFileReference; lastKnownFileType = sourcecode.swift; path = UnitEnergyModel.swift; sourceTree = "<group>"; };
		68EF1DA925B1912C005A9973 /* UnitFrequencyModel.swift */ = {isa = PBXFileReference; lastKnownFileType = sourcecode.swift; path = UnitFrequencyModel.swift; sourceTree = "<group>"; };
		68EF1DAE25B191B9005A9973 /* UnitFuelEfficiencyModel.swift */ = {isa = PBXFileReference; lastKnownFileType = sourcecode.swift; path = UnitFuelEfficiencyModel.swift; sourceTree = "<group>"; };
		68EF1DB325B1921C005A9973 /* UnitIlluminanceModel.swift */ = {isa = PBXFileReference; lastKnownFileType = sourcecode.swift; path = UnitIlluminanceModel.swift; sourceTree = "<group>"; };
		68EF1DB825B1927F005A9973 /* UnitInformationStorageModel.swift */ = {isa = PBXFileReference; lastKnownFileType = sourcecode.swift; path = UnitInformationStorageModel.swift; sourceTree = "<group>"; };
		68EF1DBD25B19E97005A9973 /* UnitMassModel.swift */ = {isa = PBXFileReference; lastKnownFileType = sourcecode.swift; path = UnitMassModel.swift; sourceTree = "<group>"; };
/* End PBXFileReference section */

/* Begin PBXFrameworksBuildPhase section */
		68E3AE832582348D001B4640 /* Frameworks */ = {
			isa = PBXFrameworksBuildPhase;
			buildActionMask = 2147483647;
			files = (
			);
			runOnlyForDeploymentPostprocessing = 0;
		};
		68E3AE8B2582348D001B4640 /* Frameworks */ = {
			isa = PBXFrameworksBuildPhase;
			buildActionMask = 2147483647;
			files = (
			);
			runOnlyForDeploymentPostprocessing = 0;
		};
/* End PBXFrameworksBuildPhase section */

/* Begin PBXGroup section */
		6853703825B237640009AA94 /* UnitTypeModel */ = {
			isa = PBXGroup;
			children = (
				68EF1D6625B18510005A9973 /* MyUnitCalcType.swift */,
				68EF1D5F25B1845A005A9973 /* UnitTypeCalcProtocol.swift */,
			);
			path = UnitTypeModel;
			sourceTree = "<group>";
		};
		6853704425B23AE80009AA94 /* UnitExtentions */ = {
			isa = PBXGroup;
			children = (
				68EF1D2F25ADA8B9005A9973 /* UnitLocalizeExtention.swift */,
				6853704925B23B230009AA94 /* UnitTypeExtention.swift */,
			);
			path = UnitExtentions;
			sourceTree = "<group>";
		};
		687595D7258E10AF006A2309 /* Model */ = {
			isa = PBXGroup;
			children = (
				68E3AEAB2582370C001B4640 /* CatalogModel.swift */,
				68E3AECB2583646A001B4640 /* UnitConversionModel.swift */,
				68EF1D9C25B18C57005A9973 /* UnitCalcModel */,
			);
			path = Model;
			sourceTree = "<group>";
		};
		687595D8258E10CC006A2309 /* Data */ = {
			isa = PBXGroup;
			children = (
				68E9A71825E26EAB00FDB346 /* Engineer */,
				6853704425B23AE80009AA94 /* UnitExtentions */,
			);
			path = Data;
			sourceTree = "<group>";
		};
		687595D9258E10F0006A2309 /* SupportView */ = {
			isa = PBXGroup;
			children = (
				68E3AEB42582456D001B4640 /* ImageOverlay.swift */,
				68E3AED22583953B001B4640 /* UpDownIndexView.swift */,
				68E3AEE025839C39001B4640 /* ProportionView.swift */,
				68E9A6FE25E2556F00FDB346 /* PopOverView.swift */,
			);
			path = SupportView;
			sourceTree = "<group>";
		};
		687595DC258E1109006A2309 /* TabView */ = {
			isa = PBXGroup;
			children = (
				68E3AEC625833EF6001B4640 /* UnitConversionView.swift */,
				68EF1D1625AD72BF005A9973 /* CalcView.swift */,
				68E9A70825E25BD100FDB346 /* UnitDescriptionButtonView.swift */,
				68E9A6F825E229C100FDB346 /* CalcButtonsListView.swift */,
				68EF1D5325B178EF005A9973 /* CalcUnitsListView.swift */,
			);
			path = TabView;
			sourceTree = "<group>";
		};
		68E3AE7925823487001B4640 = {
			isa = PBXGroup;
			children = (
				68E3AEA2258234C0001B4640 /* HandbookPlus.entitlements */,
				68E3AE7E25823488001B4640 /* Shared */,
				68E3AE882582348D001B4640 /* iOS */,
				68E3AE8F2582348D001B4640 /* macOS */,
				68E3AE872582348D001B4640 /* Products */,
			);
			sourceTree = "<group>";
		};
		68E3AE7E25823488001B4640 /* Shared */ = {
			isa = PBXGroup;
			children = (
				68E3AE7F25823488001B4640 /* HandbookPlusApp.swift */,
				687595D7258E10AF006A2309 /* Model */,
				68E9A72625E276E000FDB346 /* ViewModel */,
				68EF1D2925ADA80F005A9973 /* View */,
				687595D8258E10CC006A2309 /* Data */,
				68E3AE812582348D001B4640 /* Assets.xcassets */,
			);
			path = Shared;
			sourceTree = "<group>";
		};
		68E3AE872582348D001B4640 /* Products */ = {
			isa = PBXGroup;
			children = (
				68E3AE862582348D001B4640 /* HandbookPlus.app */,
				68E3AE8E2582348D001B4640 /* HandbookPlus.app */,
			);
			name = Products;
			sourceTree = "<group>";
		};
		68E3AE882582348D001B4640 /* iOS */ = {
			isa = PBXGroup;
			children = (
				68E3AE892582348D001B4640 /* Info.plist */,
			);
			path = iOS;
			sourceTree = "<group>";
		};
		68E3AE8F2582348D001B4640 /* macOS */ = {
			isa = PBXGroup;
			children = (
				68E3AE902582348D001B4640 /* Info.plist */,
				68E3AE912582348D001B4640 /* macOS.entitlements */,
			);
			path = macOS;
			sourceTree = "<group>";
		};
		68E9A70325E25B7800FDB346 /* Modifires */ = {
			isa = PBXGroup;
			children = (
				68EF1D3825AEDE30005A9973 /* CalcButtonModifire.swift */,
			);
			path = Modifires;
			sourceTree = "<group>";
		};
		68E9A71825E26EAB00FDB346 /* Engineer */ = {
			isa = PBXGroup;
			children = (
				68E3AEE6258DBFE2001B4640 /* EngineerUnitConversionData.swift */,
				68EF1D2025AD76DE005A9973 /* EngineerCalcData.swift */,
				68E9A71F25E272B400FDB346 /* Units */,
			);
			path = Engineer;
			sourceTree = "<group>";
		};
		68E9A71F25E272B400FDB346 /* Units */ = {
			isa = PBXGroup;
			children = (
				68EF1D7925B18833005A9973 /* UnitAccelerationModel.swift */,
				68EF1D7E25B18905005A9973 /* UnitAngleModel.swift */,
				68EF1D6F25B186AB005A9973 /* UnitAreaModel.swift */,
				6853705025B387070009AA94 /* UnitDensityModel.swift */,
				68EF1D8825B189E4005A9973 /* UnitDurationModel.swift */,
				68EF1D8D25B18A72005A9973 /* UnitElectricChargeModel.swift */,
				68EF1D9225B18B55005A9973 /* UnitElectricCurrentModel.swift */,
				68EF1D9725B18BD9005A9973 /* UnitElectricPotentialDifferenceModel.swift */,
				68EF1D9F25B18C90005A9973 /* UnitElectricResistanceModel.swift */,
				68EF1DA425B18F08005A9973 /* UnitEnergyModel.swift */,
				6853705B25B860EF0009AA94 /* UnitForceModel.swift */,
				68EF1DA925B1912C005A9973 /* UnitFrequencyModel.swift */,
				68EF1DAE25B191B9005A9973 /* UnitFuelEfficiencyModel.swift */,
				68EF1DB325B1921C005A9973 /* UnitIlluminanceModel.swift */,
				68EF1DB825B1927F005A9973 /* UnitInformationStorageModel.swift */,
				68EF1D5A25B17BBB005A9973 /* UnitLengthModel.swift */,
				68EF1DBD25B19E97005A9973 /* UnitMassModel.swift */,
				68536FD425B1A9CE0009AA94 /* UnitPressureModel.swift */,
				68536FD925B1AA540009AA94 /* UnitSpeedModel.swift */,
				68536FDE25B1AABB0009AA94 /* UnitTemperatureModel.swift */,
				68536FE325B1AB180009AA94 /* UnitVolumeModel.swift */,
			);
			path = Units;
			sourceTree = "<group>";
		};
		68E9A72625E276E000FDB346 /* ViewModel */ = {
			isa = PBXGroup;
			children = (
				68EF1D3F25AEE0AE005A9973 /* CalcViewModel.swift */,
			);
			path = ViewModel;
			sourceTree = "<group>";
		};
		68EF1D2925ADA80F005A9973 /* View */ = {
			isa = PBXGroup;
			children = (
				68E3AE8025823488001B4640 /* MainView.swift */,
				68E3AEBD258264FB001B4640 /* CatalogItemView.swift */,
				687595DC258E1109006A2309 /* TabView */,
				687595D9258E10F0006A2309 /* SupportView */,
				68E9A70325E25B7800FDB346 /* Modifires */,
			);
			path = View;
			sourceTree = "<group>";
		};
		68EF1D9C25B18C57005A9973 /* UnitCalcModel */ = {
			isa = PBXGroup;
			children = (
				6853703B25B237920009AA94 /* UnitCalcModel.swift */,
				6853703825B237640009AA94 /* UnitTypeModel */,
			);
			path = UnitCalcModel;
			sourceTree = "<group>";
		};
/* End PBXGroup section */

/* Begin PBXNativeTarget section */
		68E3AE852582348D001B4640 /* HandbookPlus (iOS) */ = {
			isa = PBXNativeTarget;
			buildConfigurationList = 68E3AE9A2582348D001B4640 /* Build configuration list for PBXNativeTarget "HandbookPlus (iOS)" */;
			buildPhases = (
				68E3AE822582348D001B4640 /* Sources */,
				68E3AE832582348D001B4640 /* Frameworks */,
				68E3AE842582348D001B4640 /* Resources */,
			);
			buildRules = (
			);
			dependencies = (
			);
			name = "HandbookPlus (iOS)";
			productName = "HandbookPlus (iOS)";
			productReference = 68E3AE862582348D001B4640 /* HandbookPlus.app */;
			productType = "com.apple.product-type.application";
		};
		68E3AE8D2582348D001B4640 /* HandbookPlus (macOS) */ = {
			isa = PBXNativeTarget;
			buildConfigurationList = 68E3AE9D2582348D001B4640 /* Build configuration list for PBXNativeTarget "HandbookPlus (macOS)" */;
			buildPhases = (
				68E3AE8A2582348D001B4640 /* Sources */,
				68E3AE8B2582348D001B4640 /* Frameworks */,
				68E3AE8C2582348D001B4640 /* Resources */,
			);
			buildRules = (
			);
			dependencies = (
			);
			name = "HandbookPlus (macOS)";
			productName = "HandbookPlus (macOS)";
			productReference = 68E3AE8E2582348D001B4640 /* HandbookPlus.app */;
			productType = "com.apple.product-type.application";
		};
/* End PBXNativeTarget section */

/* Begin PBXProject section */
		68E3AE7A25823487001B4640 /* Project object */ = {
			isa = PBXProject;
			attributes = {
				LastSwiftUpdateCheck = 1220;
				LastUpgradeCheck = 1230;
				TargetAttributes = {
					68E3AE852582348D001B4640 = {
						CreatedOnToolsVersion = 12.2;
					};
					68E3AE8D2582348D001B4640 = {
						CreatedOnToolsVersion = 12.2;
					};
				};
			};
			buildConfigurationList = 68E3AE7D25823487001B4640 /* Build configuration list for PBXProject "HandbookPlus" */;
			compatibilityVersion = "Xcode 9.3";
			developmentRegion = en;
			hasScannedForEncodings = 0;
			knownRegions = (
				en,
				Base,
			);
			mainGroup = 68E3AE7925823487001B4640;
			productRefGroup = 68E3AE872582348D001B4640 /* Products */;
			projectDirPath = "";
			projectRoot = "";
			targets = (
				68E3AE852582348D001B4640 /* HandbookPlus (iOS) */,
				68E3AE8D2582348D001B4640 /* HandbookPlus (macOS) */,
			);
		};
/* End PBXProject section */

/* Begin PBXResourcesBuildPhase section */
		68E3AE842582348D001B4640 /* Resources */ = {
			isa = PBXResourcesBuildPhase;
			buildActionMask = 2147483647;
			files = (
				68E3AE962582348D001B4640 /* Assets.xcassets in Resources */,
			);
			runOnlyForDeploymentPostprocessing = 0;
		};
		68E3AE8C2582348D001B4640 /* Resources */ = {
			isa = PBXResourcesBuildPhase;
			buildActionMask = 2147483647;
			files = (
				68E3AE972582348D001B4640 /* Assets.xcassets in Resources */,
			);
			runOnlyForDeploymentPostprocessing = 0;
		};
/* End PBXResourcesBuildPhase section */

/* Begin PBXSourcesBuildPhase section */
		68E3AE822582348D001B4640 /* Sources */ = {
			isa = PBXSourcesBuildPhase;
			buildActionMask = 2147483647;
			files = (
				68EF1D5B25B17BBB005A9973 /* UnitLengthModel.swift in Sources */,
				68EF1DBE25B19E98005A9973 /* UnitMassModel.swift in Sources */,
				68E3AED32583953B001B4640 /* UpDownIndexView.swift in Sources */,
				68EF1DA025B18C90005A9973 /* UnitElectricResistanceModel.swift in Sources */,
				68EF1D3925AEDE32005A9973 /* CalcButtonModifire.swift in Sources */,
				68EF1D6725B18510005A9973 /* MyUnitCalcType.swift in Sources */,
				68E3AEAC2582370C001B4640 /* CatalogModel.swift in Sources */,
				68EF1D4025AEE0AE005A9973 /* CalcViewModel.swift in Sources */,
				68536FD525B1A9CE0009AA94 /* UnitPressureModel.swift in Sources */,
				6853704A25B23B230009AA94 /* UnitTypeExtention.swift in Sources */,
				68EF1DA525B18F08005A9973 /* UnitEnergyModel.swift in Sources */,
				68E3AEE125839C39001B4640 /* ProportionView.swift in Sources */,
				68EF1DB425B1921C005A9973 /* UnitIlluminanceModel.swift in Sources */,
				68EF1D7F25B18905005A9973 /* UnitAngleModel.swift in Sources */,
				68536FE425B1AB180009AA94 /* UnitVolumeModel.swift in Sources */,
				68EF1DAF25B191B9005A9973 /* UnitFuelEfficiencyModel.swift in Sources */,
				68EF1DB925B1927F005A9973 /* UnitInformationStorageModel.swift in Sources */,
				68E3AEBE258264FB001B4640 /* CatalogItemView.swift in Sources */,
				68E3AEE7258DBFE3001B4640 /* EngineerUnitConversionData.swift in Sources */,
				68EF1D8E25B18A72005A9973 /* UnitElectricChargeModel.swift in Sources */,
				68E3AECC2583646A001B4640 /* UnitConversionModel.swift in Sources */,
				68EF1D5425B178EF005A9973 /* CalcUnitsListView.swift in Sources */,
				68EF1D7A25B18833005A9973 /* UnitAccelerationModel.swift in Sources */,
				68EF1D9825B18BD9005A9973 /* UnitElectricPotentialDifferenceModel.swift in Sources */,
				68E3AEC725833EF6001B4640 /* UnitConversionView.swift in Sources */,
				68EF1D6025B1845A005A9973 /* UnitTypeCalcProtocol.swift in Sources */,
				68EF1D1725AD72C0005A9973 /* CalcView.swift in Sources */,
				68EF1D9325B18B55005A9973 /* UnitElectricCurrentModel.swift in Sources */,
				68536FDF25B1AABB0009AA94 /* UnitTemperatureModel.swift in Sources */,
				68E9A6FF25E2556F00FDB346 /* PopOverView.swift in Sources */,
				68EF1D3025ADA8B9005A9973 /* UnitLocalizeExtention.swift in Sources */,
				68EF1D2125AD76DE005A9973 /* EngineerCalcData.swift in Sources */,
				68EF1D7025B186AB005A9973 /* UnitAreaModel.swift in Sources */,
				68E3AE942582348D001B4640 /* MainView.swift in Sources */,
				68E9A6F925E229C100FDB346 /* CalcButtonsListView.swift in Sources */,
				6853705C25B860EF0009AA94 /* UnitForceModel.swift in Sources */,
				68EF1DAA25B1912C005A9973 /* UnitFrequencyModel.swift in Sources */,
				68E3AE922582348D001B4640 /* HandbookPlusApp.swift in Sources */,
				6853705125B387070009AA94 /* UnitDensityModel.swift in Sources */,
				6853703C25B237920009AA94 /* UnitCalcModel.swift in Sources */,
				68536FDA25B1AA540009AA94 /* UnitSpeedModel.swift in Sources */,
				68E9A70925E25BD100FDB346 /* UnitDescriptionButtonView.swift in Sources */,
				68E3AEB52582456D001B4640 /* ImageOverlay.swift in Sources */,
				68EF1D8925B189E4005A9973 /* UnitDurationModel.swift in Sources */,
			);
			runOnlyForDeploymentPostprocessing = 0;
		};
		68E3AE8A2582348D001B4640 /* Sources */ = {
			isa = PBXSourcesBuildPhase;
			buildActionMask = 2147483647;
			files = (
				68EF1D5C25B17BBB005A9973 /* UnitLengthModel.swift in Sources */,
				68EF1DBF25B19E98005A9973 /* UnitMassModel.swift in Sources */,
				68E3AED42583953B001B4640 /* UpDownIndexView.swift in Sources */,
				68EF1DA125B18C90005A9973 /* UnitElectricResistanceModel.swift in Sources */,
				68EF1D3A25AEDE32005A9973 /* CalcButtonModifire.swift in Sources */,
				68EF1D6825B18510005A9973 /* MyUnitCalcType.swift in Sources */,
				68E3AEAD2582370C001B4640 /* CatalogModel.swift in Sources */,
				68EF1D4125AEE0AE005A9973 /* CalcViewModel.swift in Sources */,
				68536FD625B1A9CE0009AA94 /* UnitPressureModel.swift in Sources */,
				6853704B25B23B230009AA94 /* UnitTypeExtention.swift in Sources */,
				68EF1DA625B18F08005A9973 /* UnitEnergyModel.swift in Sources */,
				68E3AEE225839C39001B4640 /* ProportionView.swift in Sources */,
				68EF1DB525B1921C005A9973 /* UnitIlluminanceModel.swift in Sources */,
				68EF1D8025B18905005A9973 /* UnitAngleModel.swift in Sources */,
				68536FE525B1AB180009AA94 /* UnitVolumeModel.swift in Sources */,
				68EF1DB025B191B9005A9973 /* UnitFuelEfficiencyModel.swift in Sources */,
				68EF1DBA25B1927F005A9973 /* UnitInformationStorageModel.swift in Sources */,
				68E3AEBF258264FB001B4640 /* CatalogItemView.swift in Sources */,
				68E3AEE8258DBFE3001B4640 /* EngineerUnitConversionData.swift in Sources */,
				68EF1D8F25B18A72005A9973 /* UnitElectricChargeModel.swift in Sources */,
				68E3AECD2583646A001B4640 /* UnitConversionModel.swift in Sources */,
				68EF1D5525B178EF005A9973 /* CalcUnitsListView.swift in Sources */,
				68EF1D7B25B18833005A9973 /* UnitAccelerationModel.swift in Sources */,
				68EF1D9925B18BD9005A9973 /* UnitElectricPotentialDifferenceModel.swift in Sources */,
				68E3AEC825833EF6001B4640 /* UnitConversionView.swift in Sources */,
				68EF1D6125B1845A005A9973 /* UnitTypeCalcProtocol.swift in Sources */,
				68EF1D1825AD72C0005A9973 /* CalcView.swift in Sources */,
				68EF1D9425B18B55005A9973 /* UnitElectricCurrentModel.swift in Sources */,
				68536FE025B1AABB0009AA94 /* UnitTemperatureModel.swift in Sources */,
				68E9A70025E2556F00FDB346 /* PopOverView.swift in Sources */,
				68EF1D3125ADA8B9005A9973 /* UnitLocalizeExtention.swift in Sources */,
				68EF1D2225AD76DE005A9973 /* EngineerCalcData.swift in Sources */,
				68EF1D7125B186AB005A9973 /* UnitAreaModel.swift in Sources */,
				68E3AE952582348D001B4640 /* MainView.swift in Sources */,
				68E9A6FA25E229C100FDB346 /* CalcButtonsListView.swift in Sources */,
				6853705D25B860EF0009AA94 /* UnitForceModel.swift in Sources */,
				68EF1DAB25B1912C005A9973 /* UnitFrequencyModel.swift in Sources */,
				68E3AE932582348D001B4640 /* HandbookPlusApp.swift in Sources */,
				6853705225B387070009AA94 /* UnitDensityModel.swift in Sources */,
				6853703D25B237920009AA94 /* UnitCalcModel.swift in Sources */,
				68536FDB25B1AA540009AA94 /* UnitSpeedModel.swift in Sources */,
				68E9A70A25E25BD100FDB346 /* UnitDescriptionButtonView.swift in Sources */,
				68E3AEB62582456D001B4640 /* ImageOverlay.swift in Sources */,
				68EF1D8A25B189E4005A9973 /* UnitDurationModel.swift in Sources */,
			);
			runOnlyForDeploymentPostprocessing = 0;
		};
/* End PBXSourcesBuildPhase section */

/* Begin XCBuildConfiguration section */
		68E3AE982582348D001B4640 /* Debug */ = {
			isa = XCBuildConfiguration;
			buildSettings = {
				ALWAYS_SEARCH_USER_PATHS = NO;
				CLANG_ANALYZER_NONNULL = YES;
				CLANG_ANALYZER_NUMBER_OBJECT_CONVERSION = YES_AGGRESSIVE;
				CLANG_CXX_LANGUAGE_STANDARD = "gnu++14";
				CLANG_CXX_LIBRARY = "libc++";
				CLANG_ENABLE_MODULES = YES;
				CLANG_ENABLE_OBJC_ARC = YES;
				CLANG_ENABLE_OBJC_WEAK = YES;
				CLANG_WARN_BLOCK_CAPTURE_AUTORELEASING = YES;
				CLANG_WARN_BOOL_CONVERSION = YES;
				CLANG_WARN_COMMA = YES;
				CLANG_WARN_CONSTANT_CONVERSION = YES;
				CLANG_WARN_DEPRECATED_OBJC_IMPLEMENTATIONS = YES;
				CLANG_WARN_DIRECT_OBJC_ISA_USAGE = YES_ERROR;
				CLANG_WARN_DOCUMENTATION_COMMENTS = YES;
				CLANG_WARN_EMPTY_BODY = YES;
				CLANG_WARN_ENUM_CONVERSION = YES;
				CLANG_WARN_INFINITE_RECURSION = YES;
				CLANG_WARN_INT_CONVERSION = YES;
				CLANG_WARN_NON_LITERAL_NULL_CONVERSION = YES;
				CLANG_WARN_OBJC_IMPLICIT_RETAIN_SELF = YES;
				CLANG_WARN_OBJC_LITERAL_CONVERSION = YES;
				CLANG_WARN_OBJC_ROOT_CLASS = YES_ERROR;
				CLANG_WARN_QUOTED_INCLUDE_IN_FRAMEWORK_HEADER = YES;
				CLANG_WARN_RANGE_LOOP_ANALYSIS = YES;
				CLANG_WARN_STRICT_PROTOTYPES = YES;
				CLANG_WARN_SUSPICIOUS_MOVE = YES;
				CLANG_WARN_UNGUARDED_AVAILABILITY = YES_AGGRESSIVE;
				CLANG_WARN_UNREACHABLE_CODE = YES;
				CLANG_WARN__DUPLICATE_METHOD_MATCH = YES;
				COPY_PHASE_STRIP = NO;
				DEBUG_INFORMATION_FORMAT = dwarf;
				ENABLE_STRICT_OBJC_MSGSEND = YES;
				ENABLE_TESTABILITY = YES;
				GCC_C_LANGUAGE_STANDARD = gnu11;
				GCC_DYNAMIC_NO_PIC = NO;
				GCC_NO_COMMON_BLOCKS = YES;
				GCC_OPTIMIZATION_LEVEL = 0;
				GCC_PREPROCESSOR_DEFINITIONS = (
					"DEBUG=1",
					"$(inherited)",
				);
				GCC_WARN_64_TO_32_BIT_CONVERSION = YES;
				GCC_WARN_ABOUT_RETURN_TYPE = YES_ERROR;
				GCC_WARN_UNDECLARED_SELECTOR = YES;
				GCC_WARN_UNINITIALIZED_AUTOS = YES_AGGRESSIVE;
				GCC_WARN_UNUSED_FUNCTION = YES;
				GCC_WARN_UNUSED_VARIABLE = YES;
				IPHONEOS_DEPLOYMENT_TARGET = 14.0;
				MACOSX_DEPLOYMENT_TARGET = 11.0;
				MTL_ENABLE_DEBUG_INFO = INCLUDE_SOURCE;
				MTL_FAST_MATH = YES;
				ONLY_ACTIVE_ARCH = YES;
				SWIFT_ACTIVE_COMPILATION_CONDITIONS = DEBUG;
				SWIFT_OPTIMIZATION_LEVEL = "-Onone";
			};
			name = Debug;
		};
		68E3AE992582348D001B4640 /* Release */ = {
			isa = XCBuildConfiguration;
			buildSettings = {
				ALWAYS_SEARCH_USER_PATHS = NO;
				CLANG_ANALYZER_NONNULL = YES;
				CLANG_ANALYZER_NUMBER_OBJECT_CONVERSION = YES_AGGRESSIVE;
				CLANG_CXX_LANGUAGE_STANDARD = "gnu++14";
				CLANG_CXX_LIBRARY = "libc++";
				CLANG_ENABLE_MODULES = YES;
				CLANG_ENABLE_OBJC_ARC = YES;
				CLANG_ENABLE_OBJC_WEAK = YES;
				CLANG_WARN_BLOCK_CAPTURE_AUTORELEASING = YES;
				CLANG_WARN_BOOL_CONVERSION = YES;
				CLANG_WARN_COMMA = YES;
				CLANG_WARN_CONSTANT_CONVERSION = YES;
				CLANG_WARN_DEPRECATED_OBJC_IMPLEMENTATIONS = YES;
				CLANG_WARN_DIRECT_OBJC_ISA_USAGE = YES_ERROR;
				CLANG_WARN_DOCUMENTATION_COMMENTS = YES;
				CLANG_WARN_EMPTY_BODY = YES;
				CLANG_WARN_ENUM_CONVERSION = YES;
				CLANG_WARN_INFINITE_RECURSION = YES;
				CLANG_WARN_INT_CONVERSION = YES;
				CLANG_WARN_NON_LITERAL_NULL_CONVERSION = YES;
				CLANG_WARN_OBJC_IMPLICIT_RETAIN_SELF = YES;
				CLANG_WARN_OBJC_LITERAL_CONVERSION = YES;
				CLANG_WARN_OBJC_ROOT_CLASS = YES_ERROR;
				CLANG_WARN_QUOTED_INCLUDE_IN_FRAMEWORK_HEADER = YES;
				CLANG_WARN_RANGE_LOOP_ANALYSIS = YES;
				CLANG_WARN_STRICT_PROTOTYPES = YES;
				CLANG_WARN_SUSPICIOUS_MOVE = YES;
				CLANG_WARN_UNGUARDED_AVAILABILITY = YES_AGGRESSIVE;
				CLANG_WARN_UNREACHABLE_CODE = YES;
				CLANG_WARN__DUPLICATE_METHOD_MATCH = YES;
				COPY_PHASE_STRIP = NO;
				DEBUG_INFORMATION_FORMAT = "dwarf-with-dsym";
				ENABLE_NS_ASSERTIONS = NO;
				ENABLE_STRICT_OBJC_MSGSEND = YES;
				GCC_C_LANGUAGE_STANDARD = gnu11;
				GCC_NO_COMMON_BLOCKS = YES;
				GCC_WARN_64_TO_32_BIT_CONVERSION = YES;
				GCC_WARN_ABOUT_RETURN_TYPE = YES_ERROR;
				GCC_WARN_UNDECLARED_SELECTOR = YES;
				GCC_WARN_UNINITIALIZED_AUTOS = YES_AGGRESSIVE;
				GCC_WARN_UNUSED_FUNCTION = YES;
				GCC_WARN_UNUSED_VARIABLE = YES;
				IPHONEOS_DEPLOYMENT_TARGET = 14.0;
				MACOSX_DEPLOYMENT_TARGET = 11.0;
				MTL_ENABLE_DEBUG_INFO = NO;
				MTL_FAST_MATH = YES;
				SWIFT_COMPILATION_MODE = wholemodule;
				SWIFT_OPTIMIZATION_LEVEL = "-O";
			};
			name = Release;
		};
		68E3AE9B2582348D001B4640 /* Debug */ = {
			isa = XCBuildConfiguration;
			buildSettings = {
				ASSETCATALOG_COMPILER_APPICON_NAME = AppIcon;
				ASSETCATALOG_COMPILER_GLOBAL_ACCENT_COLOR_NAME = AccentColor;
				CODE_SIGN_ENTITLEMENTS = HandbookPlus.entitlements;
				CODE_SIGN_STYLE = Automatic;
				DEVELOPMENT_TEAM = 7C46924T49;
				ENABLE_PREVIEWS = YES;
				INFOPLIST_FILE = iOS/Info.plist;
				IPHONEOS_DEPLOYMENT_TARGET = 14.0;
				LD_RUNPATH_SEARCH_PATHS = (
					"$(inherited)",
					"@executable_path/Frameworks",
				);
				PRODUCT_BUNDLE_IDENTIFIER = VSA.HandbookPlus;
				PRODUCT_NAME = HandbookPlus;
				SDKROOT = iphoneos;
				SUPPORTS_MACCATALYST = NO;
				SWIFT_VERSION = 5.0;
				TARGETED_DEVICE_FAMILY = "1,2";
			};
			name = Debug;
		};
		68E3AE9C2582348D001B4640 /* Release */ = {
			isa = XCBuildConfiguration;
			buildSettings = {
				ASSETCATALOG_COMPILER_APPICON_NAME = AppIcon;
				ASSETCATALOG_COMPILER_GLOBAL_ACCENT_COLOR_NAME = AccentColor;
				CODE_SIGN_ENTITLEMENTS = HandbookPlus.entitlements;
				CODE_SIGN_STYLE = Automatic;
				DEVELOPMENT_TEAM = 7C46924T49;
				ENABLE_PREVIEWS = YES;
				INFOPLIST_FILE = iOS/Info.plist;
				IPHONEOS_DEPLOYMENT_TARGET = 14.0;
				LD_RUNPATH_SEARCH_PATHS = (
					"$(inherited)",
					"@executable_path/Frameworks",
				);
				PRODUCT_BUNDLE_IDENTIFIER = VSA.HandbookPlus;
				PRODUCT_NAME = HandbookPlus;
				SDKROOT = iphoneos;
				SUPPORTS_MACCATALYST = NO;
				SWIFT_VERSION = 5.0;
				TARGETED_DEVICE_FAMILY = "1,2";
				VALIDATE_PRODUCT = YES;
			};
			name = Release;
		};
		68E3AE9E2582348D001B4640 /* Debug */ = {
			isa = XCBuildConfiguration;
			buildSettings = {
				ASSETCATALOG_COMPILER_APPICON_NAME = AppIcon;
				ASSETCATALOG_COMPILER_GLOBAL_ACCENT_COLOR_NAME = AccentColor;
				CODE_SIGN_ENTITLEMENTS = macOS/macOS.entitlements;
				CODE_SIGN_IDENTITY = "-";
				CODE_SIGN_STYLE = Automatic;
				COMBINE_HIDPI_IMAGES = YES;
				DEVELOPMENT_TEAM = 7C46924T49;
				ENABLE_HARDENED_RUNTIME = YES;
				ENABLE_PREVIEWS = YES;
				INFOPLIST_FILE = macOS/Info.plist;
				LD_RUNPATH_SEARCH_PATHS = (
					"$(inherited)",
					"@executable_path/../Frameworks",
				);
				MACOSX_DEPLOYMENT_TARGET = 11.0;
				PRODUCT_BUNDLE_IDENTIFIER = VSA.HandbookPlus;
				PRODUCT_NAME = HandbookPlus;
				SDKROOT = macosx;
				SWIFT_VERSION = 5.0;
			};
			name = Debug;
		};
		68E3AE9F2582348D001B4640 /* Release */ = {
			isa = XCBuildConfiguration;
			buildSettings = {
				ASSETCATALOG_COMPILER_APPICON_NAME = AppIcon;
				ASSETCATALOG_COMPILER_GLOBAL_ACCENT_COLOR_NAME = AccentColor;
				CODE_SIGN_ENTITLEMENTS = macOS/macOS.entitlements;
				CODE_SIGN_IDENTITY = "-";
				CODE_SIGN_STYLE = Automatic;
				COMBINE_HIDPI_IMAGES = YES;
				DEVELOPMENT_TEAM = 7C46924T49;
				ENABLE_HARDENED_RUNTIME = YES;
				ENABLE_PREVIEWS = YES;
				INFOPLIST_FILE = macOS/Info.plist;
				LD_RUNPATH_SEARCH_PATHS = (
					"$(inherited)",
					"@executable_path/../Frameworks",
				);
				MACOSX_DEPLOYMENT_TARGET = 11.0;
				PRODUCT_BUNDLE_IDENTIFIER = VSA.HandbookPlus;
				PRODUCT_NAME = HandbookPlus;
				SDKROOT = macosx;
				SWIFT_VERSION = 5.0;
			};
			name = Release;
		};
/* End XCBuildConfiguration section */

/* Begin XCConfigurationList section */
		68E3AE7D25823487001B4640 /* Build configuration list for PBXProject "HandbookPlus" */ = {
			isa = XCConfigurationList;
			buildConfigurations = (
				68E3AE982582348D001B4640 /* Debug */,
				68E3AE992582348D001B4640 /* Release */,
			);
			defaultConfigurationIsVisible = 0;
			defaultConfigurationName = Release;
		};
		68E3AE9A2582348D001B4640 /* Build configuration list for PBXNativeTarget "HandbookPlus (iOS)" */ = {
			isa = XCConfigurationList;
			buildConfigurations = (
				68E3AE9B2582348D001B4640 /* Debug */,
				68E3AE9C2582348D001B4640 /* Release */,
			);
			defaultConfigurationIsVisible = 0;
			defaultConfigurationName = Release;
		};
		68E3AE9D2582348D001B4640 /* Build configuration list for PBXNativeTarget "HandbookPlus (macOS)" */ = {
			isa = XCConfigurationList;
			buildConfigurations = (
				68E3AE9E2582348D001B4640 /* Debug */,
				68E3AE9F2582348D001B4640 /* Release */,
			);
			defaultConfigurationIsVisible = 0;
			defaultConfigurationName = Release;
		};
/* End XCConfigurationList section */
	};
	rootObject = 68E3AE7A25823487001B4640 /* Project object */;
}
